{
    "_meta": {
        "hash": {
            "sha256": "d248e552f64a642e625296696e9ef461215e57b6af6a5da9b6fc0d6268a60ba4"
        },
        "pipfile-spec": 6,
        "requires": {
            "python_version": "3.7"
        },
        "sources": [
            {
                "name": "pypi",
                "url": "https://pypi.org/simple",
                "verify_ssl": true
            }
        ]
    },
    "default": {
        "environs": {
            "hashes": [
                "sha256:9b752da76f3d470dea21b7abfe44a836c775bbb3ca50f50bfc4b188c49ac633a",
                "sha256:a69695630145bf559baedd1ac99312abd27cca55cbc1dca7f7a6a2bae7e1570c"
            ],
            "index": "pypi",
            "version": "==4.1.0"
        },
        "marshmallow": {
            "hashes": [
                "sha256:01412e979b45c003aeb3632718780b15b01566ae0182cc9232434b30f6b85e1b",
                "sha256:8a1a2e13c6a621f4970faf21e5d9b146e451e779d0f334a96eae4fcdef53455f"
            ],
            "version": "==2.19.1"
        },
        "python-dotenv": {
            "hashes": [
                "sha256:a84569d0e00d178bc5b957f7ff208bf49287cbf61857c31c258c4a91f571527b",
                "sha256:c9b1ddd3cdbe75c7d462cb84674d87130f4b948f090f02c7d7144779afb99ae0"
            ],
            "version": "==0.10.1"
        }
    },
    "develop": {}
}
